
Microsoft Visual Studio Solution File, Format Version 12.00
# Visual Studio 15
VisualStudioVersion = 15.0.28307.757
MinimumVisualStudioVersion = 10.0.40219.1
Project("{FAE04EC0-301F-11D3-BF4B-00C04F79EFBC}") = "Caesars_Encryption", "Caesars_Encryption\Caesars_Encryption.csproj", "{FB6C06E1-1518-43C0-A424-EE2FCC5350DE}"
EndProject
Global
	GlobalSection(SolutionConfigurationPlatforms) = preSolution
		Debug|Any CPU = Debug|Any CPU
		Release|Any CPU = Release|Any CPU
	EndGlobalSection
	GlobalSection(ProjectConfigurationPlatforms) = postSolution
		{FB6C06E1-1518-43C0-A424-EE2FCC5350DE}.Debug|Any CPU.ActiveCfg = Debug|Any CPU
		{FB6C06E1-1518-43C0-A424-EE2FCC5350DE}.Debug|Any CPU.Build.0 = Debug|Any CPU
		{FB6C06E1-1518-43C0-A424-EE2FCC5350DE}.Release|Any CPU.ActiveCfg = Release|Any CPU
		{FB6C06E1-1518-43C0-A424-EE2FCC5350DE}.Release|Any CPU.Build.0 = Release|Any CPU
	EndGlobalSection
	GlobalSection(SolutionProperties) = preSolution
		HideSolutionNode = FALSE
	EndGlobalSection
	GlobalSection(ExtensibilityGlobals) = postSolution
		SolutionGuid = {EC8CD9AB-C140-4FF8-8A34-99E9BE406730}
	EndGlobalSection
EndGlobal
